
Microsoft Visual Studio Solution File, Format Version 12.00
# Visual Studio Version 17
VisualStudioVersion = 17.3.32922.545
MinimumVisualStudioVersion = 10.0.40219.1
Project("{FAE04EC0-301F-11D3-BF4B-00C04F79EFBC}") = "cw1", "cw1\cw1.csproj", "{EDC4F9B7-8471-4376-AEE3-1CDBE7F2F049}"
EndProject
Global
	GlobalSection(SolutionConfigurationPlatforms) = preSolution
		Debug|Any CPU = Debug|Any CPU
		Release|Any CPU = Release|Any CPU
	EndGlobalSection
	GlobalSection(ProjectConfigurationPlatforms) = postSolution
		{EDC4F9B7-8471-4376-AEE3-1CDBE7F2F049}.Debug|Any CPU.ActiveCfg = Debug|Any CPU
		{EDC4F9B7-8471-4376-AEE3-1CDBE7F2F049}.Debug|Any CPU.Build.0 = Debug|Any CPU
		{EDC4F9B7-8471-4376-AEE3-1CDBE7F2F049}.Release|Any CPU.ActiveCfg = Release|Any CPU
		{EDC4F9B7-8471-4376-AEE3-1CDBE7F2F049}.Release|Any CPU.Build.0 = Release|Any CPU
	EndGlobalSection
	GlobalSection(SolutionProperties) = preSolution
		HideSolutionNode = FALSE
	EndGlobalSection
	GlobalSection(ExtensibilityGlobals) = postSolution
		SolutionGuid = {951A05EE-4754-46D3-AF3B-C8C767A15D69}
	EndGlobalSection
EndGlobal
